
Microsoft Visual Studio Solution File, Format Version 12.00
# Visual Studio Version 17
VisualStudioVersion = 17.5.33530.505
MinimumVisualStudioVersion = 10.0.40219.1
Project("{FAE04EC0-301F-11D3-BF4B-00C04F79EFBC}") = "API", "API\API.csproj", "{91C4D5A0-B426-4886-9467-3D19BAB5B559}"
EndProject
Global
	GlobalSection(SolutionConfigurationPlatforms) = preSolution
		Debug|Any CPU = Debug|Any CPU
		Release|Any CPU = Release|Any CPU
	EndGlobalSection
	GlobalSection(ProjectConfigurationPlatforms) = postSolution
		{91C4D5A0-B426-4886-9467-3D19BAB5B559}.Debug|Any CPU.ActiveCfg = Debug|Any CPU
		{91C4D5A0-B426-4886-9467-3D19BAB5B559}.Debug|Any CPU.Build.0 = Debug|Any CPU
		{91C4D5A0-B426-4886-9467-3D19BAB5B559}.Release|Any CPU.ActiveCfg = Release|Any CPU
		{91C4D5A0-B426-4886-9467-3D19BAB5B559}.Release|Any CPU.Build.0 = Release|Any CPU
	EndGlobalSection
	GlobalSection(SolutionProperties) = preSolution
		HideSolutionNode = FALSE
	EndGlobalSection
	GlobalSection(ExtensibilityGlobals) = postSolution
		SolutionGuid = {9435E204-8DBA-4977-862B-4CCE3299122D}
	EndGlobalSection
EndGlobal
